
Microsoft Visual Studio Solution File, Format Version 12.00
# Visual Studio Version 16
VisualStudioVersion = 16.0.30204.135
MinimumVisualStudioVersion = 10.0.40219.1
Project("{F184B08F-C81C-45F6-A57F-5ABD9991F28F}") = "1 - Primeira Classe", "1 - Primeira Classe\1 - Primeira Classe.vbproj", "{CAB5469D-EE06-4AE6-A3E2-BFA1F302C2D7}"
EndProject
Project("{F184B08F-C81C-45F6-A57F-5ABD9991F28F}") = "2 - ByteBank", "2 - ByteBank\2 - ByteBank.vbproj", "{9DF39D5B-D098-4813-BA40-A9CFFD143F5D}"
EndProject
Global
	GlobalSection(SolutionConfigurationPlatforms) = preSolution
		Debug|Any CPU = Debug|Any CPU
		Release|Any CPU = Release|Any CPU
	EndGlobalSection
	GlobalSection(ProjectConfigurationPlatforms) = postSolution
		{CAB5469D-EE06-4AE6-A3E2-BFA1F302C2D7}.Debug|Any CPU.ActiveCfg = Debug|Any CPU
		{CAB5469D-EE06-4AE6-A3E2-BFA1F302C2D7}.Debug|Any CPU.Build.0 = Debug|Any CPU
		{CAB5469D-EE06-4AE6-A3E2-BFA1F302C2D7}.Release|Any CPU.ActiveCfg = Release|Any CPU
		{CAB5469D-EE06-4AE6-A3E2-BFA1F302C2D7}.Release|Any CPU.Build.0 = Release|Any CPU
		{9DF39D5B-D098-4813-BA40-A9CFFD143F5D}.Debug|Any CPU.ActiveCfg = Debug|Any CPU
		{9DF39D5B-D098-4813-BA40-A9CFFD143F5D}.Debug|Any CPU.Build.0 = Debug|Any CPU
		{9DF39D5B-D098-4813-BA40-A9CFFD143F5D}.Release|Any CPU.ActiveCfg = Release|Any CPU
		{9DF39D5B-D098-4813-BA40-A9CFFD143F5D}.Release|Any CPU.Build.0 = Release|Any CPU
	EndGlobalSection
	GlobalSection(SolutionProperties) = preSolution
		HideSolutionNode = FALSE
	EndGlobalSection
	GlobalSection(ExtensibilityGlobals) = postSolution
		SolutionGuid = {A22423AA-CBE0-483D-A127-A4BAA929D781}
	EndGlobalSection
EndGlobal
